{
  "name": "tree-sitter-sourcepawn",
  "version": "0.7.8",
  "lockfileVersion": 3,
  "requires": true,
  "packages": {
    "": {
      "name": "tree-sitter-sourcepawn",
      "version": "0.7.8",
      "license": "MIT",
      "dependencies": {
        "nan": "^2.14.2"
      },
      "devDependencies": {
        "tree-sitter-cli": "^0.26.12"
      }
    },
    "node_modules/nan": {
      "version": "2.28.0",
      "resolved": "https://registry.npmjs.org/nan/-/nan-2.28.0.tgz",
      "integrity": "sha512-fTsDz99OTq2sVePhGdp4qQhggZFtKr64ZNVyVajRKtMOkJxYekplBh577PiJB12v/D3s2E5cGtOI45LWp6rnLQ==",
      "license": "MIT"
    },
    "node_modules/tree-sitter-cli": {
      "version": "0.26.12",
      "resolved": "https://registry.npmjs.org/tree-sitter-cli/-/tree-sitter-cli-0.26.12.tgz",
      "integrity": "sha512-rIdMAm6nv75MVFoZ7UTaLVB1OG5h3ZSlCZEp5pne4gOUTalJIkL0A1NlYBg0oEl/d7gvIyc2Y5Jz8m5Xj+NOEw==",
      "dev": true,
      "hasInstallScript": true,
      "license": "MIT",
      "bin": {
        "tree-sitter": "cli.js"
      },
      "engines": {
        "node": ">=12.0.0"
      }
    }
  }
}
